schema: '2.0'
stages:
  data_collection:
    cmd: python src/data/data_collection.py
    deps:
    - path: src/data/data_collection.py
      hash: md5
      md5: b18cd9ca185c93400f76b86605baae46
      size: 2179
    params:
      params.yaml:
        data_collection.test_size: 0.6
    outs:
    - path: data/raw
      hash: md5
      md5: f5a9a6cc130441b458246add330085e2.dir
      size: 518984
      nfiles: 2
  data_preprocessing:
    cmd: python src/data/data_prep.py
    deps:
    - path: data/raw
      hash: md5
      md5: f5a9a6cc130441b458246add330085e2.dir
      size: 518984
      nfiles: 2
    - path: src/data/data_prep.py
      hash: md5
      md5: 311ece8c351034bb8e6b72bc5ba93279
      size: 1710
    outs:
    - path: data/processed
      hash: md5
      md5: 2a95c30433c01479e8512029d5252661.dir
      size: 543767
      nfiles: 2
  model_building:
    cmd: python src/model/model_building.py
    deps:
    - path: data/processed
      hash: md5
      md5: 2a95c30433c01479e8512029d5252661.dir
      size: 543767
      nfiles: 2
    - path: src/model/model_building.py
      hash: md5
      md5: 9100932afaaaab0f83a6f0c02962c6d6
      size: 2471
    params:
      params.yaml:
        model_building.n_estimators: 1000
    outs:
    - path: models/model.pkl
      hash: md5
      md5: 7629f360b89bf843ef2ecd127f5df373
      size: 38115886
  model_evaluation:
    cmd: python src/model/model_eval.py
    deps:
    - path: models/model.pkl
      hash: md5
      md5: 7629f360b89bf843ef2ecd127f5df373
      size: 38115886
    - path: src/model/model_eval.py
      hash: md5
      md5: 2456f59d979f0f5a912ccd1d2e0c67fc
      size: 2197
    outs:
    - path: reports/metrics.json
      hash: md5
      md5: 8c429dbec55384a11b0ad7abed0a5666
      size: 139
