schema: '2.0'
stages:
  data_collection:
    cmd: python src/data/data_collection.py
    deps:
    - path: src/data/data_collection.py
      hash: md5
      md5: b18cd9ca185c93400f76b86605baae46
      size: 2179
    params:
      params.yaml:
        data_collection.test_size: 0.6
    outs:
    - path: data/raw
      hash: md5
      md5: f5a9a6cc130441b458246add330085e2.dir
      size: 518984
      nfiles: 2
  data_preprocessing:
    cmd: python src/data/data_prep.py
    deps:
    - path: data/raw
      hash: md5
      md5: f5a9a6cc130441b458246add330085e2.dir
      size: 518984
      nfiles: 2
    - path: src/data/data_prep.py
      hash: md5
      md5: 4a29d67275f0f822a9dee54ff6c020e3
      size: 1846
    outs:
    - path: data/processed
      hash: md5
      md5: bf6a7c1a0e6715d2cbd2293f170cf25c.dir
      size: 526955
      nfiles: 2
  model_building:
    cmd: python src/model/model_building.py
    deps:
    - path: data/processed
      hash: md5
      md5: bf6a7c1a0e6715d2cbd2293f170cf25c.dir
      size: 526955
      nfiles: 2
    - path: src/model/model_building.py
      hash: md5
      md5: c0ff858aa514c3690a2039146a566274
      size: 2476
    params:
      params.yaml:
        model_building.n_estimators: 1000
    outs:
    - path: models/model.pkl
      hash: md5
      md5: cc34c26109b88a8a67bd65ecc6dc8111
      size: 37756526
  model_evaluation:
    cmd: python src/model/model_eval.py
    deps:
    - path: models/model.pkl
      hash: md5
      md5: cc34c26109b88a8a67bd65ecc6dc8111
      size: 37756526
    - path: src/model/model_eval.py
      hash: md5
      md5: 57699c4ae7a014d84c73f2b97520a09f
      size: 2202
    outs:
    - path: reports/metrics.json
      hash: md5
      md5: 05039fd1c7b440c3b4a5fc52e8a7cd2d
      size: 141
